
Microsoft Visual Studio Solution File, Format Version 12.00
# Visual Studio 15
VisualStudioVersion = 15.0.28307.645
MinimumVisualStudioVersion = 10.0.40219.1
Project("{9092AA53-FB77-4645-B42D-1CCCA6BD08BD}") = "react-wheel", "react-wheel\react-wheel.njsproj", "{8476B2DD-C287-4412-827B-D91C9FD98A4A}"
EndProject
Global
	GlobalSection(SolutionConfigurationPlatforms) = preSolution
		Debug|Any CPU = Debug|Any CPU
		Release|Any CPU = Release|Any CPU
	EndGlobalSection
	GlobalSection(ProjectConfigurationPlatforms) = postSolution
		{8476B2DD-C287-4412-827B-D91C9FD98A4A}.Debug|Any CPU.ActiveCfg = Debug|Any CPU
		{8476B2DD-C287-4412-827B-D91C9FD98A4A}.Debug|Any CPU.Build.0 = Debug|Any CPU
		{8476B2DD-C287-4412-827B-D91C9FD98A4A}.Release|Any CPU.ActiveCfg = Release|Any CPU
		{8476B2DD-C287-4412-827B-D91C9FD98A4A}.Release|Any CPU.Build.0 = Release|Any CPU
	EndGlobalSection
	GlobalSection(SolutionProperties) = preSolution
		HideSolutionNode = FALSE
	EndGlobalSection
	GlobalSection(ExtensibilityGlobals) = postSolution
		SolutionGuid = {F4694722-938B-4F8B-9423-6F5FA183BA23}
	EndGlobalSection
EndGlobal
